
Microsoft Visual Studio Solution File, Format Version 12.00
# Visual Studio Version 17
VisualStudioVersion = 17.14.36518.9
MinimumVisualStudioVersion = 10.0.40219.1
Project("{2150E333-8FDC-42A3-9474-1A3956D46DE8}") = "src", "src", "{02EA681E-C7D8-13C7-8484-4AC65E1B71E8}"
EndProject
Project("{2150E333-8FDC-42A3-9474-1A3956D46DE8}") = "04 - Domain", "04 - Domain", "{79582FA8-AD9C-439E-9332-72363F9A28CC}"
EndProject
Project("{FAE04EC0-301F-11D3-BF4B-00C04F79EFBC}") = "CNAB.Domain", "src\CNAB.Domain\CNAB.Domain.csproj", "{CDA7AB3B-81DC-4990-A673-F2FBF4A6813D}"
EndProject
Project("{2150E333-8FDC-42A3-9474-1A3956D46DE8}") = "03 - Infrastructure", "03 - Infrastructure", "{78D9F4F8-E338-4DF6-B7E6-2AC0D904F466}"
EndProject
Project("{FAE04EC0-301F-11D3-BF4B-00C04F79EFBC}") = "CNAB.Infra.Data", "src\CNAB.Infra.Data\CNAB.Infra.Data.csproj", "{A206C0B2-90BE-47F8-BD64-0A71B529A632}"
EndProject
Project("{FAE04EC0-301F-11D3-BF4B-00C04F79EFBC}") = "CNAB.Infra.IoC", "src\CNAB.Infra.IoC\CNAB.Infra.IoC.csproj", "{F9BCB542-16E0-491A-8C7B-CA58B11D1316}"
EndProject
Project("{2150E333-8FDC-42A3-9474-1A3956D46DE8}") = "02 - Application", "02 - Application", "{50810E20-D2C3-4B72-B24B-1018E5595215}"
EndProject
Project("{FAE04EC0-301F-11D3-BF4B-00C04F79EFBC}") = "CNAB.Application", "src\CNAB.Application\CNAB.Application.csproj", "{5991E318-A845-44B4-857B-2FA3DD2AC8BB}"
EndProject
Project("{2150E333-8FDC-42A3-9474-1A3956D46DE8}") = "01 - Presentation", "01 - Presentation", "{A8E6E5A6-94E3-4772-AC5E-BAE85D926EF7}"
EndProject
Project("{FAE04EC0-301F-11D3-BF4B-00C04F79EFBC}") = "CNAB.WebAPI", "src\CNAB.WebAPI\CNAB.WebAPI.csproj", "{3D763B17-8758-4BFD-B683-FF214096F1AF}"
EndProject
Project("{2150E333-8FDC-42A3-9474-1A3956D46DE8}") = "tests", "tests", "{7661E69A-926D-4EF5-97F8-B57632F2DDE6}"
EndProject
Project("{FAE04EC0-301F-11D3-BF4B-00C04F79EFBC}") = "CNAB.TestHelpers", "tests\CNAB.TestHelpers\CNAB.TestHelpers.csproj", "{186079B9-6318-410C-BFD8-2D0578EC8BAE}"
EndProject
Project("{FAE04EC0-301F-11D3-BF4B-00C04F79EFBC}") = "CNAB.Domain.Test", "tests\CNAB.Domain.Test\CNAB.Domain.Test.csproj", "{A0DAF2B1-41C7-433D-92AC-BC9A1C2A2194}"
EndProject
Project("{FAE04EC0-301F-11D3-BF4B-00C04F79EFBC}") = "CNAB.Infra.Data.Test", "tests\CNAB.Infra.Data.Test\CNAB.Infra.Data.Test.csproj", "{FF8033BC-983D-4D35-8EC5-E385A6B79CD8}"
EndProject
Project("{FAE04EC0-301F-11D3-BF4B-00C04F79EFBC}") = "CNAB.Application.Test", "tests\CNAB.Application.Test\CNAB.Application.Test.csproj", "{514575C6-8DA0-4AB2-8798-1CF2ABCBFC44}"
EndProject
Project("{FAE04EC0-301F-11D3-BF4B-00C04F79EFBC}") = "CNAB.WebAPI.Test", "tests\CNAB.WebAPI.Test\CNAB.WebAPI.Test.csproj", "{1B3CD94F-9F90-4654-8438-980D9F1FFB46}"
EndProject
Global
	GlobalSection(SolutionConfigurationPlatforms) = preSolution
		Debug|Any CPU = Debug|Any CPU
		Release|Any CPU = Release|Any CPU
	EndGlobalSection
	GlobalSection(ProjectConfigurationPlatforms) = postSolution
		{CDA7AB3B-81DC-4990-A673-F2FBF4A6813D}.Debug|Any CPU.ActiveCfg = Debug|Any CPU
		{CDA7AB3B-81DC-4990-A673-F2FBF4A6813D}.Debug|Any CPU.Build.0 = Debug|Any CPU
		{CDA7AB3B-81DC-4990-A673-F2FBF4A6813D}.Release|Any CPU.ActiveCfg = Release|Any CPU
		{CDA7AB3B-81DC-4990-A673-F2FBF4A6813D}.Release|Any CPU.Build.0 = Release|Any CPU
		{A206C0B2-90BE-47F8-BD64-0A71B529A632}.Debug|Any CPU.ActiveCfg = Debug|Any CPU
		{A206C0B2-90BE-47F8-BD64-0A71B529A632}.Debug|Any CPU.Build.0 = Debug|Any CPU
		{A206C0B2-90BE-47F8-BD64-0A71B529A632}.Release|Any CPU.ActiveCfg = Release|Any CPU
		{A206C0B2-90BE-47F8-BD64-0A71B529A632}.Release|Any CPU.Build.0 = Release|Any CPU
		{F9BCB542-16E0-491A-8C7B-CA58B11D1316}.Debug|Any CPU.ActiveCfg = Debug|Any CPU
		{F9BCB542-16E0-491A-8C7B-CA58B11D1316}.Debug|Any CPU.Build.0 = Debug|Any CPU
		{F9BCB542-16E0-491A-8C7B-CA58B11D1316}.Release|Any CPU.ActiveCfg = Release|Any CPU
		{F9BCB542-16E0-491A-8C7B-CA58B11D1316}.Release|Any CPU.Build.0 = Release|Any CPU
		{5991E318-A845-44B4-857B-2FA3DD2AC8BB}.Debug|Any CPU.ActiveCfg = Debug|Any CPU
		{5991E318-A845-44B4-857B-2FA3DD2AC8BB}.Debug|Any CPU.Build.0 = Debug|Any CPU
		{5991E318-A845-44B4-857B-2FA3DD2AC8BB}.Release|Any CPU.ActiveCfg = Release|Any CPU
		{5991E318-A845-44B4-857B-2FA3DD2AC8BB}.Release|Any CPU.Build.0 = Release|Any CPU
		{3D763B17-8758-4BFD-B683-FF214096F1AF}.Debug|Any CPU.ActiveCfg = Debug|Any CPU
		{3D763B17-8758-4BFD-B683-FF214096F1AF}.Debug|Any CPU.Build.0 = Debug|Any CPU
		{3D763B17-8758-4BFD-B683-FF214096F1AF}.Release|Any CPU.ActiveCfg = Release|Any CPU
		{3D763B17-8758-4BFD-B683-FF214096F1AF}.Release|Any CPU.Build.0 = Release|Any CPU
		{186079B9-6318-410C-BFD8-2D0578EC8BAE}.Debug|Any CPU.ActiveCfg = Debug|Any CPU
		{186079B9-6318-410C-BFD8-2D0578EC8BAE}.Debug|Any CPU.Build.0 = Debug|Any CPU
		{186079B9-6318-410C-BFD8-2D0578EC8BAE}.Release|Any CPU.ActiveCfg = Release|Any CPU
		{186079B9-6318-410C-BFD8-2D0578EC8BAE}.Release|Any CPU.Build.0 = Release|Any CPU
		{A0DAF2B1-41C7-433D-92AC-BC9A1C2A2194}.Debug|Any CPU.ActiveCfg = Debug|Any CPU
		{A0DAF2B1-41C7-433D-92AC-BC9A1C2A2194}.Debug|Any CPU.Build.0 = Debug|Any CPU
		{A0DAF2B1-41C7-433D-92AC-BC9A1C2A2194}.Release|Any CPU.ActiveCfg = Release|Any CPU
		{A0DAF2B1-41C7-433D-92AC-BC9A1C2A2194}.Release|Any CPU.Build.0 = Release|Any CPU
		{FF8033BC-983D-4D35-8EC5-E385A6B79CD8}.Debug|Any CPU.ActiveCfg = Debug|Any CPU
		{FF8033BC-983D-4D35-8EC5-E385A6B79CD8}.Debug|Any CPU.Build.0 = Debug|Any CPU
		{FF8033BC-983D-4D35-8EC5-E385A6B79CD8}.Release|Any CPU.ActiveCfg = Release|Any CPU
		{FF8033BC-983D-4D35-8EC5-E385A6B79CD8}.Release|Any CPU.Build.0 = Release|Any CPU
		{514575C6-8DA0-4AB2-8798-1CF2ABCBFC44}.Debug|Any CPU.ActiveCfg = Debug|Any CPU
		{514575C6-8DA0-4AB2-8798-1CF2ABCBFC44}.Debug|Any CPU.Build.0 = Debug|Any CPU
		{514575C6-8DA0-4AB2-8798-1CF2ABCBFC44}.Release|Any CPU.ActiveCfg = Release|Any CPU
		{514575C6-8DA0-4AB2-8798-1CF2ABCBFC44}.Release|Any CPU.Build.0 = Release|Any CPU
		{1B3CD94F-9F90-4654-8438-980D9F1FFB46}.Debug|Any CPU.ActiveCfg = Debug|Any CPU
		{1B3CD94F-9F90-4654-8438-980D9F1FFB46}.Debug|Any CPU.Build.0 = Debug|Any CPU
		{1B3CD94F-9F90-4654-8438-980D9F1FFB46}.Release|Any CPU.ActiveCfg = Release|Any CPU
		{1B3CD94F-9F90-4654-8438-980D9F1FFB46}.Release|Any CPU.Build.0 = Release|Any CPU
	EndGlobalSection
	GlobalSection(SolutionProperties) = preSolution
		HideSolutionNode = FALSE
	EndGlobalSection
	GlobalSection(NestedProjects) = preSolution
		{79582FA8-AD9C-439E-9332-72363F9A28CC} = {02EA681E-C7D8-13C7-8484-4AC65E1B71E8}
		{CDA7AB3B-81DC-4990-A673-F2FBF4A6813D} = {79582FA8-AD9C-439E-9332-72363F9A28CC}
		{78D9F4F8-E338-4DF6-B7E6-2AC0D904F466} = {02EA681E-C7D8-13C7-8484-4AC65E1B71E8}
		{A206C0B2-90BE-47F8-BD64-0A71B529A632} = {78D9F4F8-E338-4DF6-B7E6-2AC0D904F466}
		{F9BCB542-16E0-491A-8C7B-CA58B11D1316} = {78D9F4F8-E338-4DF6-B7E6-2AC0D904F466}
		{50810E20-D2C3-4B72-B24B-1018E5595215} = {02EA681E-C7D8-13C7-8484-4AC65E1B71E8}
		{5991E318-A845-44B4-857B-2FA3DD2AC8BB} = {50810E20-D2C3-4B72-B24B-1018E5595215}
		{A8E6E5A6-94E3-4772-AC5E-BAE85D926EF7} = {02EA681E-C7D8-13C7-8484-4AC65E1B71E8}
		{3D763B17-8758-4BFD-B683-FF214096F1AF} = {A8E6E5A6-94E3-4772-AC5E-BAE85D926EF7}
		{186079B9-6318-410C-BFD8-2D0578EC8BAE} = {7661E69A-926D-4EF5-97F8-B57632F2DDE6}
		{A0DAF2B1-41C7-433D-92AC-BC9A1C2A2194} = {7661E69A-926D-4EF5-97F8-B57632F2DDE6}
		{FF8033BC-983D-4D35-8EC5-E385A6B79CD8} = {7661E69A-926D-4EF5-97F8-B57632F2DDE6}
		{514575C6-8DA0-4AB2-8798-1CF2ABCBFC44} = {7661E69A-926D-4EF5-97F8-B57632F2DDE6}
		{1B3CD94F-9F90-4654-8438-980D9F1FFB46} = {7661E69A-926D-4EF5-97F8-B57632F2DDE6}
	EndGlobalSection
	GlobalSection(ExtensibilityGlobals) = postSolution
		SolutionGuid = {6F5F0591-AD16-45F9-8E64-A476CE715166}
	EndGlobalSection
EndGlobal
